
Microsoft Visual Studio Solution File, Format Version 12.00
# Visual Studio Version 16
VisualStudioVersion = 16.0.29201.188
MinimumVisualStudioVersion = 10.0.40219.1
Project("{FAE04EC0-301F-11D3-BF4B-00C04F79EFBC}") = "ArraysAndLists", "ArraysAndLists\ArraysAndLists.csproj", "{B39626B3-EFFA-4CC7-AD5C-380EB1906842}"
EndProject
Global
	GlobalSection(SolutionConfigurationPlatforms) = preSolution
		Debug|Any CPU = Debug|Any CPU
		Release|Any CPU = Release|Any CPU
	EndGlobalSection
	GlobalSection(ProjectConfigurationPlatforms) = postSolution
		{B39626B3-EFFA-4CC7-AD5C-380EB1906842}.Debug|Any CPU.ActiveCfg = Debug|Any CPU
		{B39626B3-EFFA-4CC7-AD5C-380EB1906842}.Debug|Any CPU.Build.0 = Debug|Any CPU
		{B39626B3-EFFA-4CC7-AD5C-380EB1906842}.Release|Any CPU.ActiveCfg = Release|Any CPU
		{B39626B3-EFFA-4CC7-AD5C-380EB1906842}.Release|Any CPU.Build.0 = Release|Any CPU
	EndGlobalSection
	GlobalSection(SolutionProperties) = preSolution
		HideSolutionNode = FALSE
	EndGlobalSection
	GlobalSection(ExtensibilityGlobals) = postSolution
		SolutionGuid = {6DF62613-3BDA-4A9C-9E6A-D9C2BE8F1EB9}
	EndGlobalSection
EndGlobal
