
Microsoft Visual Studio Solution File, Format Version 12.00
# Visual Studio Version 16
VisualStudioVersion = 16.0.29201.188
MinimumVisualStudioVersion = 10.0.40219.1
Project("{FAE04EC0-301F-11D3-BF4B-00C04F79EFBC}") = "MoreMethods3", "MoreMethods3\MoreMethods3.csproj", "{20907F33-08DC-41AD-975D-CA5AB9E63300}"
EndProject
Global
	GlobalSection(SolutionConfigurationPlatforms) = preSolution
		Debug|Any CPU = Debug|Any CPU
		Release|Any CPU = Release|Any CPU
	EndGlobalSection
	GlobalSection(ProjectConfigurationPlatforms) = postSolution
		{20907F33-08DC-41AD-975D-CA5AB9E63300}.Debug|Any CPU.ActiveCfg = Debug|Any CPU
		{20907F33-08DC-41AD-975D-CA5AB9E63300}.Debug|Any CPU.Build.0 = Debug|Any CPU
		{20907F33-08DC-41AD-975D-CA5AB9E63300}.Release|Any CPU.ActiveCfg = Release|Any CPU
		{20907F33-08DC-41AD-975D-CA5AB9E63300}.Release|Any CPU.Build.0 = Release|Any CPU
	EndGlobalSection
	GlobalSection(SolutionProperties) = preSolution
		HideSolutionNode = FALSE
	EndGlobalSection
	GlobalSection(ExtensibilityGlobals) = postSolution
		SolutionGuid = {7890C031-06A5-4F80-8AF0-1FDBBA1F8573}
	EndGlobalSection
EndGlobal
