
Microsoft Visual Studio Solution File, Format Version 12.00
# Visual Studio Version 16
VisualStudioVersion = 16.0.29201.188
MinimumVisualStudioVersion = 10.0.40219.1
Project("{FAE04EC0-301F-11D3-BF4B-00C04F79EFBC}") = "Date Time", "Date Time\Date Time.csproj", "{09FF6D69-36F6-4A81-9550-B41F501B839E}"
EndProject
Global
	GlobalSection(SolutionConfigurationPlatforms) = preSolution
		Debug|Any CPU = Debug|Any CPU
		Release|Any CPU = Release|Any CPU
	EndGlobalSection
	GlobalSection(ProjectConfigurationPlatforms) = postSolution
		{09FF6D69-36F6-4A81-9550-B41F501B839E}.Debug|Any CPU.ActiveCfg = Debug|Any CPU
		{09FF6D69-36F6-4A81-9550-B41F501B839E}.Debug|Any CPU.Build.0 = Debug|Any CPU
		{09FF6D69-36F6-4A81-9550-B41F501B839E}.Release|Any CPU.ActiveCfg = Release|Any CPU
		{09FF6D69-36F6-4A81-9550-B41F501B839E}.Release|Any CPU.Build.0 = Release|Any CPU
	EndGlobalSection
	GlobalSection(SolutionProperties) = preSolution
		HideSolutionNode = FALSE
	EndGlobalSection
	GlobalSection(ExtensibilityGlobals) = postSolution
		SolutionGuid = {20530394-AEBA-4B9D-B407-5C6C7964CC2D}
	EndGlobalSection
EndGlobal
