
Microsoft Visual Studio Solution File, Format Version 12.00
# Visual Studio Version 16
VisualStudioVersion = 16.0.29201.188
MinimumVisualStudioVersion = 10.0.40219.1
Project("{FAE04EC0-301F-11D3-BF4B-00C04F79EFBC}") = "WebApplication1", "WebApplication1\WebApplication1.csproj", "{C1990C7F-1595-4398-B1B3-CC398158379E}"
EndProject
Global
	GlobalSection(SolutionConfigurationPlatforms) = preSolution
		Debug|Any CPU = Debug|Any CPU
		Release|Any CPU = Release|Any CPU
	EndGlobalSection
	GlobalSection(ProjectConfigurationPlatforms) = postSolution
		{C1990C7F-1595-4398-B1B3-CC398158379E}.Debug|Any CPU.ActiveCfg = Debug|Any CPU
		{C1990C7F-1595-4398-B1B3-CC398158379E}.Debug|Any CPU.Build.0 = Debug|Any CPU
		{C1990C7F-1595-4398-B1B3-CC398158379E}.Release|Any CPU.ActiveCfg = Release|Any CPU
		{C1990C7F-1595-4398-B1B3-CC398158379E}.Release|Any CPU.Build.0 = Release|Any CPU
	EndGlobalSection
	GlobalSection(SolutionProperties) = preSolution
		HideSolutionNode = FALSE
	EndGlobalSection
	GlobalSection(ExtensibilityGlobals) = postSolution
		SolutionGuid = {0742634F-7C4E-4CE3-8816-13FE9D4959CA}
	EndGlobalSection
EndGlobal
