
Microsoft Visual Studio Solution File, Format Version 12.00
# Visual Studio Version 16
VisualStudioVersion = 16.0.29201.188
MinimumVisualStudioVersion = 10.0.40219.1
Project("{FAE04EC0-301F-11D3-BF4B-00C04F79EFBC}") = "Abstract Classes", "Abstract Classes\Abstract Classes.csproj", "{1D348209-553E-4AF7-B2CE-005F14AFC18B}"
EndProject
Global
	GlobalSection(SolutionConfigurationPlatforms) = preSolution
		Debug|Any CPU = Debug|Any CPU
		Release|Any CPU = Release|Any CPU
	EndGlobalSection
	GlobalSection(ProjectConfigurationPlatforms) = postSolution
		{1D348209-553E-4AF7-B2CE-005F14AFC18B}.Debug|Any CPU.ActiveCfg = Debug|Any CPU
		{1D348209-553E-4AF7-B2CE-005F14AFC18B}.Debug|Any CPU.Build.0 = Debug|Any CPU
		{1D348209-553E-4AF7-B2CE-005F14AFC18B}.Release|Any CPU.ActiveCfg = Release|Any CPU
		{1D348209-553E-4AF7-B2CE-005F14AFC18B}.Release|Any CPU.Build.0 = Release|Any CPU
	EndGlobalSection
	GlobalSection(SolutionProperties) = preSolution
		HideSolutionNode = FALSE
	EndGlobalSection
	GlobalSection(ExtensibilityGlobals) = postSolution
		SolutionGuid = {F853C36C-E025-4B3E-9A9D-C750F926E303}
	EndGlobalSection
EndGlobal
